Microsoft Visual Studio Solution File, Format Version 11.00
# Visual Studio 2008

Project("{7C9F7901-A78D-5184-9A42-8DCB48449B80}") = "PetMitosUFRGS", "Assembly-CSharp-firstpass-vs.csproj", "{283752EE-F817-1F6F-319B-FF1C8C0050A4}"
EndProject
Project("{7C9F7901-A78D-5184-9A42-8DCB48449B80}") = "PetMitosUFRGS", "Assembly-CSharp-vs.csproj", "{4BC0BA14-07E3-8E9B-2EC0-B3E7130ED558}"
EndProject
Project("{7C9F7901-A78D-5184-9A42-8DCB48449B80}") = "PetMitosUFRGS", "Assembly-CSharp-Editor-vs.csproj", "{AEA4FC29-D443-9AE5-8996-C51BAF29CE0D}"
EndProject
Global
	GlobalSection(SolutionConfigurationPlatforms) = preSolution
		Debug|Any CPU = Debug|Any CPU
		Release|Any CPU = Release|Any CPU
	EndGlobalSection
	GlobalSection(ProjectConfigurationPlatforms) = postSolution
		{283752EE-F817-1F6F-319B-FF1C8C0050A4}.Debug|Any CPU.ActiveCfg = Debug|Any CPU
		{283752EE-F817-1F6F-319B-FF1C8C0050A4}.Debug|Any CPU.Build.0 = Debug|Any CPU
		{283752EE-F817-1F6F-319B-FF1C8C0050A4}.Release|Any CPU.ActiveCfg = Release|Any CPU
		{283752EE-F817-1F6F-319B-FF1C8C0050A4}.Release|Any CPU.Build.0 = Release|Any CPU
		{4BC0BA14-07E3-8E9B-2EC0-B3E7130ED558}.Debug|Any CPU.ActiveCfg = Debug|Any CPU
		{4BC0BA14-07E3-8E9B-2EC0-B3E7130ED558}.Debug|Any CPU.Build.0 = Debug|Any CPU
		{4BC0BA14-07E3-8E9B-2EC0-B3E7130ED558}.Release|Any CPU.ActiveCfg = Release|Any CPU
		{4BC0BA14-07E3-8E9B-2EC0-B3E7130ED558}.Release|Any CPU.Build.0 = Release|Any CPU
		{AEA4FC29-D443-9AE5-8996-C51BAF29CE0D}.Debug|Any CPU.ActiveCfg = Debug|Any CPU
		{AEA4FC29-D443-9AE5-8996-C51BAF29CE0D}.Debug|Any CPU.Build.0 = Debug|Any CPU
		{AEA4FC29-D443-9AE5-8996-C51BAF29CE0D}.Release|Any CPU.ActiveCfg = Release|Any CPU
		{AEA4FC29-D443-9AE5-8996-C51BAF29CE0D}.Release|Any CPU.Build.0 = Release|Any CPU
	EndGlobalSection
	GlobalSection(SolutionProperties) = preSolution
		HideSolutionNode = FALSE
	EndGlobalSection
																																																																																						GlobalSection(MonoDevelopProperties) = preSolution
		StartupItem = Assembly-CSharp.csproj
		Policies = $0
		$0.TextStylePolicy = $1
		$1.inheritsSet = null
		$1.scope = text/x-csharp
		$0.CSharpFormattingPolicy = $2
		$2.inheritsSet = Mono
		$2.inheritsScope = text/x-csharp
		$2.scope = text/x-csharp
		$0.TextStylePolicy = $3
		$3.FileWidth = 120
		$3.TabWidth = 4
		$3.EolMarker = Unix
		$3.inheritsSet = Mono
		$3.inheritsScope = text/plain
		$3.scope = text/plain
	EndGlobalSection

EndGlobal
